{
  "name": "demo",
  "version": "1.0.0",
  "lockfileVersion": 3,
  "requires": true,
  "packages": {
    "": {
      "name": "demo",
      "version": "1.0.0",
      "license": "ISC",
      "dependencies": {
        "@squoosh/lib": "^0.5.3",
        "mpegts.js": "^1.7.3",
        "mux.js": "^6.3.0"
      }
    },
    "node_modules/@babel/runtime": {
      "version": "7.23.9",
      "resolved": "https://registry.npmmirror.com/@babel/runtime/-/runtime-7.23.9.tgz",
      "integrity": "sha512-0CX6F+BI2s9dkUqr08KFrAIZgNFj75rdBU/DjCyYLIaV/quFjkk6T+EJ2LkZHyZTbEV4L5p97mNkUsHl2wLFAw==",
      "dependencies": {
        "regenerator-runtime": "^0.14.0"
      },
      "engines": {
        "node": ">=6.9.0"
      }
    },
    "node_modules/@squoosh/lib": {
      "version": "0.5.3",
      "resolved": "https://registry.npmjs.org/@squoosh/lib/-/lib-0.5.3.tgz",
      "integrity": "sha512-d/yn6M0P5rk+L0QOl/hzvlHDqXCCmEvwdcYu7sXwhyYDNskg9oxlZtZTBaKKbX6Vq0rzajI9GZkDC0zXlz/oRw==",
      "dependencies": {
        "wasm-feature-detect": "^1.2.11",
        "web-streams-polyfill": "^3.0.3"
      },
      "engines": {
        "node": " ^12.5.0 || ^14.0.0 || ^16.0.0 "
      }
    },
    "node_modules/dom-walk": {
      "version": "0.1.2",
      "resolved": "https://registry.npmmirror.com/dom-walk/-/dom-walk-0.1.2.tgz",
      "integrity": "sha512-6QvTW9mrGeIegrFXdtQi9pk7O/nSK6lSdXW2eqUspN5LWD7UTji2Fqw5V2YLjBpHEoU9Xl/eUWNpDeZvoyOv2w=="
    },
    "node_modules/es6-promise": {
      "version": "4.2.8",
      "resolved": "https://registry.npmmirror.com/es6-promise/-/es6-promise-4.2.8.tgz",
      "integrity": "sha512-HJDGx5daxeIvxdBxvG2cb9g4tEvwIk3i8+nhX0yGrYmZUzbkdg8QbDevheDB8gd0//uPj4c1EQua8Q+MViT0/w=="
    },
    "node_modules/global": {
      "version": "4.4.0",
      "resolved": "https://registry.npmmirror.com/global/-/global-4.4.0.tgz",
      "integrity": "sha512-wv/LAoHdRE3BeTGz53FAamhGlPLhlssK45usmGFThIi4XqnBmjKQ16u+RNbP7WvigRZDxUsM0J3gcQ5yicaL0w==",
      "dependencies": {
        "min-document": "^2.19.0",
        "process": "^0.11.10"
      }
    },
    "node_modules/min-document": {
      "version": "2.19.0",
      "resolved": "https://registry.npmmirror.com/min-document/-/min-document-2.19.0.tgz",
      "integrity": "sha512-9Wy1B3m3f66bPPmU5hdA4DR4PB2OfDU/+GS3yAB7IQozE3tqXaVv2zOjgla7MEGSRv95+ILmOuvhLkOK6wJtCQ==",
      "dependencies": {
        "dom-walk": "^0.1.0"
      }
    },
    "node_modules/mpegts.js": {
      "version": "1.7.3",
      "resolved": "https://registry.npmmirror.com/mpegts.js/-/mpegts.js-1.7.3.tgz",
      "integrity": "sha512-kqZ1C1IsbAQN72cK8vMrzKeM7hwrwSBbFAwVAc7PPweOeoZxCANrc7fAVDKMfYUzxdNkMTnec9tVmlxmKZB0TQ==",
      "dependencies": {
        "es6-promise": "^4.2.5",
        "webworkify-webpack": "^2.1.5"
      }
    },
    "node_modules/mux.js": {
      "version": "6.3.0",
      "resolved": "https://registry.npmmirror.com/mux.js/-/mux.js-6.3.0.tgz",
      "integrity": "sha512-/QTkbSAP2+w1nxV+qTcumSDN5PA98P0tjrADijIzQHe85oBK3Akhy9AHlH0ne/GombLMz1rLyvVsmrgRxoPDrQ==",
      "dependencies": {
        "@babel/runtime": "^7.11.2",
        "global": "^4.4.0"
      },
      "bin": {
        "muxjs-transmux": "bin/transmux.js"
      },
      "engines": {
        "node": ">=8",
        "npm": ">=5"
      }
    },
    "node_modules/process": {
      "version": "0.11.10",
      "resolved": "https://registry.npmmirror.com/process/-/process-0.11.10.tgz",
      "integrity": "sha512-cdGef/drWFoydD1JsMzuFf8100nZl+GT+yacc2bEced5f9Rjk4z+WtFUTBu9PhOi9j/jfmBPu0mMEY4wIdAF8A==",
      "engines": {
        "node": ">= 0.6.0"
      }
    },
    "node_modules/regenerator-runtime": {
      "version": "0.14.1",
      "resolved": "https://registry.npmmirror.com/regenerator-runtime/-/regenerator-runtime-0.14.1.tgz",
      "integrity": "sha512-dYnhHh0nJoMfnkZs6GmmhFknAGRrLznOu5nc9ML+EJxGvrx6H7teuevqVqCuPcPK//3eDrrjQhehXVx9cnkGdw=="
    },
    "node_modules/wasm-feature-detect": {
      "version": "1.5.1",
      "resolved": "https://registry.npmjs.org/wasm-feature-detect/-/wasm-feature-detect-1.5.1.tgz",
      "integrity": "sha512-GHr23qmuehNXHY4902/hJ6EV5sUANIJC3R/yMfQ7hWDg3nfhlcJfnIL96R2ohpIwa62araN6aN4bLzzzq5GXkg=="
    },
    "node_modules/web-streams-polyfill": {
      "version": "3.2.1",
      "resolved": "https://registry.npmjs.org/web-streams-polyfill/-/web-streams-polyfill-3.2.1.tgz",
      "integrity": "sha512-e0MO3wdXWKrLbL0DgGnUV7WHVuw9OUvL4hjgnPkIeEvESk74gAITi5G606JtZPp39cd8HA9VQzCIvA49LpPN5Q==",
      "engines": {
        "node": ">= 8"
      }
    },
    "node_modules/webworkify-webpack": {
      "version": "2.1.5",
      "resolved": "https://registry.npmmirror.com/webworkify-webpack/-/webworkify-webpack-2.1.5.tgz",
      "integrity": "sha512-2akF8FIyUvbiBBdD+RoHpoTbHMQF2HwjcxfDvgztAX5YwbZNyrtfUMgvfgFVsgDhDPVTlkbb5vyasqDHfIDPQw=="
    }
  }
}
